
Microsoft Visual Studio Solution File, Format Version 12.00
# Visual Studio Version 17
VisualStudioVersion = 17.1.32319.34
MinimumVisualStudioVersion = 10.0.40219.1
Project("{2150E333-8FDC-42A3-9474-1A3956D46DE8}") = "src", "src", "{37490DC7-4754-4714-B181-42B61DD0B3C4}"
EndProject
Project("{2150E333-8FDC-42A3-9474-1A3956D46DE8}") = "samples", "samples", "{DD7B06A6-05C5-4E60-B092-956780E8AC73}"
EndProject
Project("{9A19103F-16F7-4668-BE54-9A1E7A4F7556}") = "TicTacToe.Domain", "src\TicTacToe.Domain\TicTacToe.Domain.csproj", "{E274CA99-303D-44A2-B255-BE9C6CDB2496}"
EndProject
Project("{9A19103F-16F7-4668-BE54-9A1E7A4F7556}") = "TicTacToe.Application", "src\TicTacToe.Application\TicTacToe.Application.csproj", "{01ACDA19-E368-4672-A640-389E6CBFE14F}"
EndProject
Project("{9A19103F-16F7-4668-BE54-9A1E7A4F7556}") = "TicTacToe.Infrastructure", "src\TicTacToe.Infrastructure\TicTacToe.Infrastructure.csproj", "{47A7D033-BC8B-491A-B73C-5376E9417F55}"
EndProject
Project("{2150E333-8FDC-42A3-9474-1A3956D46DE8}") = "desktop", "desktop", "{0877491F-8E91-44E9-9F46-4F48EF78DE55}"
EndProject
Project("{9A19103F-16F7-4668-BE54-9A1E7A4F7556}") = "DesktopWPF", "samples\desktop\DesktopWPF\DesktopWPF.csproj", "{FB6A54E4-35CB-47B9-8549-77380CCAAE88}"
EndProject
Project("{FAE04EC0-301F-11D3-BF4B-00C04F79EFBC}") = "TicTacToe.Presentation", "src\TicTacToe.Presentation\TicTacToe.Presentation.csproj", "{F930E466-A7FF-42A0-9F03-FE874068ECB8}"
EndProject
Project("{2150E333-8FDC-42A3-9474-1A3956D46DE8}") = "tests", "tests", "{62D570E4-B70A-4C7A-94D6-7451484D94E3}"
EndProject
Global
	GlobalSection(SolutionConfigurationPlatforms) = preSolution
		Debug|Any CPU = Debug|Any CPU
		Release|Any CPU = Release|Any CPU
	EndGlobalSection
	GlobalSection(ProjectConfigurationPlatforms) = postSolution
		{E274CA99-303D-44A2-B255-BE9C6CDB2496}.Debug|Any CPU.ActiveCfg = Debug|Any CPU
		{E274CA99-303D-44A2-B255-BE9C6CDB2496}.Debug|Any CPU.Build.0 = Debug|Any CPU
		{E274CA99-303D-44A2-B255-BE9C6CDB2496}.Release|Any CPU.ActiveCfg = Release|Any CPU
		{E274CA99-303D-44A2-B255-BE9C6CDB2496}.Release|Any CPU.Build.0 = Release|Any CPU
		{01ACDA19-E368-4672-A640-389E6CBFE14F}.Debug|Any CPU.ActiveCfg = Debug|Any CPU
		{01ACDA19-E368-4672-A640-389E6CBFE14F}.Debug|Any CPU.Build.0 = Debug|Any CPU
		{01ACDA19-E368-4672-A640-389E6CBFE14F}.Release|Any CPU.ActiveCfg = Release|Any CPU
		{01ACDA19-E368-4672-A640-389E6CBFE14F}.Release|Any CPU.Build.0 = Release|Any CPU
		{47A7D033-BC8B-491A-B73C-5376E9417F55}.Debug|Any CPU.ActiveCfg = Debug|Any CPU
		{47A7D033-BC8B-491A-B73C-5376E9417F55}.Debug|Any CPU.Build.0 = Debug|Any CPU
		{47A7D033-BC8B-491A-B73C-5376E9417F55}.Release|Any CPU.ActiveCfg = Release|Any CPU
		{47A7D033-BC8B-491A-B73C-5376E9417F55}.Release|Any CPU.Build.0 = Release|Any CPU
		{FB6A54E4-35CB-47B9-8549-77380CCAAE88}.Debug|Any CPU.ActiveCfg = Debug|Any CPU
		{FB6A54E4-35CB-47B9-8549-77380CCAAE88}.Debug|Any CPU.Build.0 = Debug|Any CPU
		{FB6A54E4-35CB-47B9-8549-77380CCAAE88}.Release|Any CPU.ActiveCfg = Release|Any CPU
		{FB6A54E4-35CB-47B9-8549-77380CCAAE88}.Release|Any CPU.Build.0 = Release|Any CPU
		{F930E466-A7FF-42A0-9F03-FE874068ECB8}.Debug|Any CPU.ActiveCfg = Debug|Any CPU
		{F930E466-A7FF-42A0-9F03-FE874068ECB8}.Debug|Any CPU.Build.0 = Debug|Any CPU
		{F930E466-A7FF-42A0-9F03-FE874068ECB8}.Release|Any CPU.ActiveCfg = Release|Any CPU
		{F930E466-A7FF-42A0-9F03-FE874068ECB8}.Release|Any CPU.Build.0 = Release|Any CPU
	EndGlobalSection
	GlobalSection(SolutionProperties) = preSolution
		HideSolutionNode = FALSE
	EndGlobalSection
	GlobalSection(NestedProjects) = preSolution
		{E274CA99-303D-44A2-B255-BE9C6CDB2496} = {37490DC7-4754-4714-B181-42B61DD0B3C4}
		{01ACDA19-E368-4672-A640-389E6CBFE14F} = {37490DC7-4754-4714-B181-42B61DD0B3C4}
		{47A7D033-BC8B-491A-B73C-5376E9417F55} = {37490DC7-4754-4714-B181-42B61DD0B3C4}
		{0877491F-8E91-44E9-9F46-4F48EF78DE55} = {DD7B06A6-05C5-4E60-B092-956780E8AC73}
		{FB6A54E4-35CB-47B9-8549-77380CCAAE88} = {0877491F-8E91-44E9-9F46-4F48EF78DE55}
		{F930E466-A7FF-42A0-9F03-FE874068ECB8} = {37490DC7-4754-4714-B181-42B61DD0B3C4}
	EndGlobalSection
	GlobalSection(ExtensibilityGlobals) = postSolution
		SolutionGuid = {CAD82985-8150-4C41-A5DF-202B1C75D0A9}
	EndGlobalSection
EndGlobal
