
Microsoft Visual Studio Solution File, Format Version 12.00
# Visual Studio Version 16
VisualStudioVersion = 16.0.30413.136
MinimumVisualStudioVersion = 10.0.40219.1
Project("{2150E333-8FDC-42A3-9474-1A3956D46DE8}") = "_Shared", "_Shared", "{5918CD42-DEB8-430C-9E5A-495CCC6A1C3F}"
EndProject
Project("{2150E333-8FDC-42A3-9474-1A3956D46DE8}") = "Logic", "Logic", "{0B57F978-BC7F-4182-8D66-E1BA40E88E40}"
EndProject
Project("{2150E333-8FDC-42A3-9474-1A3956D46DE8}") = "Tests", "Tests", "{7E01E8A4-3BD8-43D9-9783-037BACE16646}"
EndProject
Project("{2150E333-8FDC-42A3-9474-1A3956D46DE8}") = "Ui", "Ui", "{ED087BA9-C329-4BC2-8FBD-7F848CAA39BA}"
EndProject
Project("{2150E333-8FDC-42A3-9474-1A3956D46DE8}") = "Services", "Services", "{043FB446-31CB-4591-AC49-A6EC6AC8B671}"
EndProject
Project("{9A19103F-16F7-4668-BE54-9A1E7A4F7556}") = "TicTacToe.Core", "Logic\TicTacToe.Core\TicTacToe.Core.csproj", "{523990FA-A2B4-4C2F-9BCD-8F896AA1F290}"
EndProject
Project("{9A19103F-16F7-4668-BE54-9A1E7A4F7556}") = "TicTacToe.ConsoleClient", "Ui\TicTacToe.ConsoleClient\TicTacToe.ConsoleClient.csproj", "{EBCD5312-73CB-4F7C-A379-37291F00E863}"
EndProject
Project("{9A19103F-16F7-4668-BE54-9A1E7A4F7556}") = "TicTacToe.TestConsole", "Ui\TicTacToe.TestConsole\TicTacToe.TestConsole.csproj", "{0B00AF9B-534A-4A26-8C54-AD8EDF87A531}"
EndProject
Project("{9A19103F-16F7-4668-BE54-9A1E7A4F7556}") = "TicTacToe.WPFClient", "Ui\TicTacToe.WPFClient\TicTacToe.WPFClient.csproj", "{A7D93BB7-E91E-4BF1-A458-574A0F1EED2A}"
EndProject
Project("{9A19103F-16F7-4668-BE54-9A1E7A4F7556}") = "TicTacToe.Core.Test", "Test\TicTacToe.Core.Test\TicTacToe.Core.Test.csproj", "{56A0B642-DECC-4285-A67D-760F8FC83A0F}"
EndProject
Project("{2150E333-8FDC-42A3-9474-1A3956D46DE8}") = "Report_TicTacTorCoreTest", "Report_TicTacTorCoreTest", "{2E0D3659-1BF8-4F8E-B69D-EA8DBC89EB67}"
	ProjectSection(SolutionItems) = preProject
		_Shared\Report_TicTacToeCoreTest\class.js = _Shared\Report_TicTacToeCoreTest\class.js
		_Shared\Report_TicTacToeCoreTest\icon_cube.svg = _Shared\Report_TicTacToeCoreTest\icon_cube.svg
		_Shared\Report_TicTacToeCoreTest\icon_down-dir_active.svg = _Shared\Report_TicTacToeCoreTest\icon_down-dir_active.svg
		_Shared\Report_TicTacToeCoreTest\icon_fork.svg = _Shared\Report_TicTacToeCoreTest\icon_fork.svg
		_Shared\Report_TicTacToeCoreTest\icon_info-circled.svg = _Shared\Report_TicTacToeCoreTest\icon_info-circled.svg
		_Shared\Report_TicTacToeCoreTest\icon_minus.svg = _Shared\Report_TicTacToeCoreTest\icon_minus.svg
		_Shared\Report_TicTacToeCoreTest\icon_plus.svg = _Shared\Report_TicTacToeCoreTest\icon_plus.svg
		_Shared\Report_TicTacToeCoreTest\icon_search-minus.svg = _Shared\Report_TicTacToeCoreTest\icon_search-minus.svg
		_Shared\Report_TicTacToeCoreTest\icon_search-plus.svg = _Shared\Report_TicTacToeCoreTest\icon_search-plus.svg
		_Shared\Report_TicTacToeCoreTest\icon_sponsor.svg = _Shared\Report_TicTacToeCoreTest\icon_sponsor.svg
		_Shared\Report_TicTacToeCoreTest\icon_star.svg = _Shared\Report_TicTacToeCoreTest\icon_star.svg
		_Shared\Report_TicTacToeCoreTest\icon_up-dir.svg = _Shared\Report_TicTacToeCoreTest\icon_up-dir.svg
		_Shared\Report_TicTacToeCoreTest\icon_up-dir_active.svg = _Shared\Report_TicTacToeCoreTest\icon_up-dir_active.svg
		_Shared\Report_TicTacToeCoreTest\icon_wrench.svg = _Shared\Report_TicTacToeCoreTest\icon_wrench.svg
		_Shared\Report_TicTacToeCoreTest\index.htm = _Shared\Report_TicTacToeCoreTest\index.htm
		_Shared\Report_TicTacToeCoreTest\index.html = _Shared\Report_TicTacToeCoreTest\index.html
		_Shared\Report_TicTacToeCoreTest\main.js = _Shared\Report_TicTacToeCoreTest\main.js
		_Shared\Report_TicTacToeCoreTest\report.css = _Shared\Report_TicTacToeCoreTest\report.css
		_Shared\Report_TicTacToeCoreTest\TicTacToe.Core_AI.html = _Shared\Report_TicTacToeCoreTest\TicTacToe.Core_AI.html
		_Shared\Report_TicTacToeCoreTest\TicTacToe.Core_GameBoard.html = _Shared\Report_TicTacToeCoreTest\TicTacToe.Core_GameBoard.html
		_Shared\Report_TicTacToeCoreTest\TicTacToe.Core_GameBoardArea.html = _Shared\Report_TicTacToeCoreTest\TicTacToe.Core_GameBoardArea.html
		_Shared\Report_TicTacToeCoreTest\TicTacToe.Core_Player.html = _Shared\Report_TicTacToeCoreTest\TicTacToe.Core_Player.html
		_Shared\Report_TicTacToeCoreTest\TicTacToe.Core_PlayerController.html = _Shared\Report_TicTacToeCoreTest\TicTacToe.Core_PlayerController.html
	EndProjectSection
EndProject
Project("{9A19103F-16F7-4668-BE54-9A1E7A4F7556}") = "WpfApp1", "Ui\WpfApp1\WpfApp1.csproj", "{85434595-FFDE-4DE8-B660-56FEC437669D}"
EndProject
Project("{2150E333-8FDC-42A3-9474-1A3956D46DE8}") = "WPF", "WPF", "{3136903A-5749-4117-A363-3F414100C34C}"
EndProject
Project("{FAE04EC0-301F-11D3-BF4B-00C04F79EFBC}") = "MvvmFramework", "WPF\MvvmFramework\MvvmFramework.csproj", "{5F889937-DD7C-4322-8464-E44BA32D0CB6}"
EndProject
Project("{FAE04EC0-301F-11D3-BF4B-00C04F79EFBC}") = "ViewModels", "WPF\ViewModels\ViewModels.csproj", "{B7FA0433-A27D-4A80-AED0-5ED810BC661B}"
EndProject
Project("{FAE04EC0-301F-11D3-BF4B-00C04F79EFBC}") = "WpfClient", "WPF\WpfClient\WpfClient.csproj", "{E4A3E028-940F-48C3-BFF8-EEE97C7DA5AF}"
EndProject
Global
	GlobalSection(SolutionConfigurationPlatforms) = preSolution
		Debug|Any CPU = Debug|Any CPU
		Release|Any CPU = Release|Any CPU
	EndGlobalSection
	GlobalSection(ProjectConfigurationPlatforms) = postSolution
		{523990FA-A2B4-4C2F-9BCD-8F896AA1F290}.Debug|Any CPU.ActiveCfg = Debug|Any CPU
		{523990FA-A2B4-4C2F-9BCD-8F896AA1F290}.Debug|Any CPU.Build.0 = Debug|Any CPU
		{523990FA-A2B4-4C2F-9BCD-8F896AA1F290}.Release|Any CPU.ActiveCfg = Release|Any CPU
		{523990FA-A2B4-4C2F-9BCD-8F896AA1F290}.Release|Any CPU.Build.0 = Release|Any CPU
		{EBCD5312-73CB-4F7C-A379-37291F00E863}.Debug|Any CPU.ActiveCfg = Debug|Any CPU
		{EBCD5312-73CB-4F7C-A379-37291F00E863}.Debug|Any CPU.Build.0 = Debug|Any CPU
		{EBCD5312-73CB-4F7C-A379-37291F00E863}.Release|Any CPU.ActiveCfg = Release|Any CPU
		{EBCD5312-73CB-4F7C-A379-37291F00E863}.Release|Any CPU.Build.0 = Release|Any CPU
		{0B00AF9B-534A-4A26-8C54-AD8EDF87A531}.Debug|Any CPU.ActiveCfg = Debug|Any CPU
		{0B00AF9B-534A-4A26-8C54-AD8EDF87A531}.Debug|Any CPU.Build.0 = Debug|Any CPU
		{0B00AF9B-534A-4A26-8C54-AD8EDF87A531}.Release|Any CPU.ActiveCfg = Release|Any CPU
		{0B00AF9B-534A-4A26-8C54-AD8EDF87A531}.Release|Any CPU.Build.0 = Release|Any CPU
		{A7D93BB7-E91E-4BF1-A458-574A0F1EED2A}.Debug|Any CPU.ActiveCfg = Debug|Any CPU
		{A7D93BB7-E91E-4BF1-A458-574A0F1EED2A}.Debug|Any CPU.Build.0 = Debug|Any CPU
		{A7D93BB7-E91E-4BF1-A458-574A0F1EED2A}.Release|Any CPU.ActiveCfg = Release|Any CPU
		{A7D93BB7-E91E-4BF1-A458-574A0F1EED2A}.Release|Any CPU.Build.0 = Release|Any CPU
		{56A0B642-DECC-4285-A67D-760F8FC83A0F}.Debug|Any CPU.ActiveCfg = Debug|Any CPU
		{56A0B642-DECC-4285-A67D-760F8FC83A0F}.Debug|Any CPU.Build.0 = Debug|Any CPU
		{56A0B642-DECC-4285-A67D-760F8FC83A0F}.Release|Any CPU.ActiveCfg = Release|Any CPU
		{56A0B642-DECC-4285-A67D-760F8FC83A0F}.Release|Any CPU.Build.0 = Release|Any CPU
		{85434595-FFDE-4DE8-B660-56FEC437669D}.Debug|Any CPU.ActiveCfg = Debug|Any CPU
		{85434595-FFDE-4DE8-B660-56FEC437669D}.Debug|Any CPU.Build.0 = Debug|Any CPU
		{85434595-FFDE-4DE8-B660-56FEC437669D}.Release|Any CPU.ActiveCfg = Release|Any CPU
		{85434595-FFDE-4DE8-B660-56FEC437669D}.Release|Any CPU.Build.0 = Release|Any CPU
		{5F889937-DD7C-4322-8464-E44BA32D0CB6}.Debug|Any CPU.ActiveCfg = Debug|Any CPU
		{5F889937-DD7C-4322-8464-E44BA32D0CB6}.Debug|Any CPU.Build.0 = Debug|Any CPU
		{5F889937-DD7C-4322-8464-E44BA32D0CB6}.Release|Any CPU.ActiveCfg = Release|Any CPU
		{5F889937-DD7C-4322-8464-E44BA32D0CB6}.Release|Any CPU.Build.0 = Release|Any CPU
		{B7FA0433-A27D-4A80-AED0-5ED810BC661B}.Debug|Any CPU.ActiveCfg = Debug|Any CPU
		{B7FA0433-A27D-4A80-AED0-5ED810BC661B}.Debug|Any CPU.Build.0 = Debug|Any CPU
		{B7FA0433-A27D-4A80-AED0-5ED810BC661B}.Release|Any CPU.ActiveCfg = Release|Any CPU
		{B7FA0433-A27D-4A80-AED0-5ED810BC661B}.Release|Any CPU.Build.0 = Release|Any CPU
		{E4A3E028-940F-48C3-BFF8-EEE97C7DA5AF}.Debug|Any CPU.ActiveCfg = Debug|Any CPU
		{E4A3E028-940F-48C3-BFF8-EEE97C7DA5AF}.Debug|Any CPU.Build.0 = Debug|Any CPU
		{E4A3E028-940F-48C3-BFF8-EEE97C7DA5AF}.Release|Any CPU.ActiveCfg = Release|Any CPU
		{E4A3E028-940F-48C3-BFF8-EEE97C7DA5AF}.Release|Any CPU.Build.0 = Release|Any CPU
	EndGlobalSection
	GlobalSection(SolutionProperties) = preSolution
		HideSolutionNode = FALSE
	EndGlobalSection
	GlobalSection(NestedProjects) = preSolution
		{523990FA-A2B4-4C2F-9BCD-8F896AA1F290} = {0B57F978-BC7F-4182-8D66-E1BA40E88E40}
		{EBCD5312-73CB-4F7C-A379-37291F00E863} = {ED087BA9-C329-4BC2-8FBD-7F848CAA39BA}
		{0B00AF9B-534A-4A26-8C54-AD8EDF87A531} = {ED087BA9-C329-4BC2-8FBD-7F848CAA39BA}
		{A7D93BB7-E91E-4BF1-A458-574A0F1EED2A} = {ED087BA9-C329-4BC2-8FBD-7F848CAA39BA}
		{56A0B642-DECC-4285-A67D-760F8FC83A0F} = {7E01E8A4-3BD8-43D9-9783-037BACE16646}
		{2E0D3659-1BF8-4F8E-B69D-EA8DBC89EB67} = {5918CD42-DEB8-430C-9E5A-495CCC6A1C3F}
		{85434595-FFDE-4DE8-B660-56FEC437669D} = {ED087BA9-C329-4BC2-8FBD-7F848CAA39BA}
		{5F889937-DD7C-4322-8464-E44BA32D0CB6} = {3136903A-5749-4117-A363-3F414100C34C}
		{B7FA0433-A27D-4A80-AED0-5ED810BC661B} = {3136903A-5749-4117-A363-3F414100C34C}
		{E4A3E028-940F-48C3-BFF8-EEE97C7DA5AF} = {3136903A-5749-4117-A363-3F414100C34C}
	EndGlobalSection
	GlobalSection(ExtensibilityGlobals) = postSolution
		SolutionGuid = {CAD82985-8150-4C41-A5DF-202B1C75D0A9}
	EndGlobalSection
EndGlobal
